
Microsoft Visual Studio Solution File, Format Version 12.00
# Visual Studio Version 17
VisualStudioVersion = 17.11.35208.52
MinimumVisualStudioVersion = 10.0.40219.1
Project("{FAE04EC0-301F-11D3-BF4B-00C04F79EFBC}") = "NurseNotes", "NurseNotes\NurseNotes.csproj", "{DA1BBFC9-5B2F-4C79-99A3-7B1D8297C7EC}"
EndProject
Global
	GlobalSection(SolutionConfigurationPlatforms) = preSolution
		Debug|Any CPU = Debug|Any CPU
		Release|Any CPU = Release|Any CPU
	EndGlobalSection
	GlobalSection(ProjectConfigurationPlatforms) = postSolution
		{DA1BBFC9-5B2F-4C79-99A3-7B1D8297C7EC}.Debug|Any CPU.ActiveCfg = Debug|Any CPU
		{DA1BBFC9-5B2F-4C79-99A3-7B1D8297C7EC}.Debug|Any CPU.Build.0 = Debug|Any CPU
		{DA1BBFC9-5B2F-4C79-99A3-7B1D8297C7EC}.Release|Any CPU.ActiveCfg = Release|Any CPU
		{DA1BBFC9-5B2F-4C79-99A3-7B1D8297C7EC}.Release|Any CPU.Build.0 = Release|Any CPU
	EndGlobalSection
	GlobalSection(SolutionProperties) = preSolution
		HideSolutionNode = FALSE
	EndGlobalSection
	GlobalSection(ExtensibilityGlobals) = postSolution
		SolutionGuid = {942E08A3-1528-4BA5-995C-F1C174467574}
	EndGlobalSection
EndGlobal
